
Microsoft Visual Studio Solution File, Format Version 12.00
# Visual Studio Version 16
VisualStudioVersion = 16.0.33927.289
MinimumVisualStudioVersion = 10.0.40219.1
Project("{FAE04EC0-301F-11D3-BF4B-00C04F79EFBC}") = "Самойлов Задаие 1", "Самойлов Задаие 1.csproj", "{AD40E182-7203-432E-B9DF-AD9261E41FFD}"
EndProject
Global
	GlobalSection(SolutionConfigurationPlatforms) = preSolution
		Debug|Any CPU = Debug|Any CPU
		Release|Any CPU = Release|Any CPU
	EndGlobalSection
	GlobalSection(ProjectConfigurationPlatforms) = postSolution
		{AD40E182-7203-432E-B9DF-AD9261E41FFD}.Debug|Any CPU.ActiveCfg = Debug|Any CPU
		{AD40E182-7203-432E-B9DF-AD9261E41FFD}.Debug|Any CPU.Build.0 = Debug|Any CPU
		{AD40E182-7203-432E-B9DF-AD9261E41FFD}.Release|Any CPU.ActiveCfg = Release|Any CPU
		{AD40E182-7203-432E-B9DF-AD9261E41FFD}.Release|Any CPU.Build.0 = Release|Any CPU
	EndGlobalSection
	GlobalSection(SolutionProperties) = preSolution
		HideSolutionNode = FALSE
	EndGlobalSection
	GlobalSection(ExtensibilityGlobals) = postSolution
		SolutionGuid = {277B1226-6A34-4665-84B3-1A215E3D3EC6}
	EndGlobalSection
EndGlobal
